
Microsoft Visual Studio Solution File, Format Version 12.00
# Visual Studio Version 16
VisualStudioVersion = 16.0.32630.194
MinimumVisualStudioVersion = 10.0.40219.1
Project("{8BC9CEB8-8B4A-11D0-8D11-00A0C91BC942}") = "Rock-Paper-Scissors-Game", "Rock-Paper-Scissors-Game\Rock-Paper-Scissors-Game.vcxproj", "{BD50A588-BC19-4044-A261-9C07BF1FB633}"
EndProject
Global
	GlobalSection(SolutionConfigurationPlatforms) = preSolution
		Debug|x64 = Debug|x64
		Debug|x86 = Debug|x86
		Release|x64 = Release|x64
		Release|x86 = Release|x86
	EndGlobalSection
	GlobalSection(ProjectConfigurationPlatforms) = postSolution
		{BD50A588-BC19-4044-A261-9C07BF1FB633}.Debug|x64.ActiveCfg = Debug|x64
		{BD50A588-BC19-4044-A261-9C07BF1FB633}.Debug|x64.Build.0 = Debug|x64
		{BD50A588-BC19-4044-A261-9C07BF1FB633}.Debug|x86.ActiveCfg = Debug|Win32
		{BD50A588-BC19-4044-A261-9C07BF1FB633}.Debug|x86.Build.0 = Debug|Win32
		{BD50A588-BC19-4044-A261-9C07BF1FB633}.Release|x64.ActiveCfg = Release|x64
		{BD50A588-BC19-4044-A261-9C07BF1FB633}.Release|x64.Build.0 = Release|x64
		{BD50A588-BC19-4044-A261-9C07BF1FB633}.Release|x86.ActiveCfg = Release|Win32
		{BD50A588-BC19-4044-A261-9C07BF1FB633}.Release|x86.Build.0 = Release|Win32
	EndGlobalSection
	GlobalSection(SolutionProperties) = preSolution
		HideSolutionNode = FALSE
	EndGlobalSection
	GlobalSection(ExtensibilityGlobals) = postSolution
		SolutionGuid = {2C4E72D3-7AE0-4311-88DE-345D1442F00D}
	EndGlobalSection
EndGlobal
